
Microsoft Visual Studio Solution File, Format Version 12.00
# Visual Studio Version 17
VisualStudioVersion = 17.13.35818.85
MinimumVisualStudioVersion = 10.0.40219.1
Project("{FAE04EC0-301F-11D3-BF4B-00C04F79EFBC}") = "baocao", "baocao\baocao.csproj", "{5FEAFA82-3539-43B1-B5D3-AD766B3223AA}"
EndProject
Global
	GlobalSection(SolutionConfigurationPlatforms) = preSolution
		Debug|Any CPU = Debug|Any CPU
		Release|Any CPU = Release|Any CPU
	EndGlobalSection
	GlobalSection(ProjectConfigurationPlatforms) = postSolution
		{5FEAFA82-3539-43B1-B5D3-AD766B3223AA}.Debug|Any CPU.ActiveCfg = Debug|Any CPU
		{5FEAFA82-3539-43B1-B5D3-AD766B3223AA}.Debug|Any CPU.Build.0 = Debug|Any CPU
		{5FEAFA82-3539-43B1-B5D3-AD766B3223AA}.Release|Any CPU.ActiveCfg = Release|Any CPU
		{5FEAFA82-3539-43B1-B5D3-AD766B3223AA}.Release|Any CPU.Build.0 = Release|Any CPU
	EndGlobalSection
	GlobalSection(SolutionProperties) = preSolution
		HideSolutionNode = FALSE
	EndGlobalSection
	GlobalSection(ExtensibilityGlobals) = postSolution
		SolutionGuid = {D4869365-A1A8-47DC-8B1F-02812D54236D}
	EndGlobalSection
EndGlobal
